{
  "name": "example-story",
  "version": "1.0.0",
  "lockfileVersion": 1,
  "requires": true,
  "dependencies": {
    "source-map": {
      "version": "0.7.3",
      "resolved": "https://registry.npmjs.org/source-map/-/source-map-0.7.3.tgz",
      "integrity": "sha512-CkCj6giN3S+n9qrYiBTX5gystlENnRW5jZeNLHpe6aue+SrHcG5VYwujhW9s4dY31mEGsxBDrHR6oI69fTXsaQ=="
    },
    "storytailor": {
      "version": "0.0.2",
      "resolved": "https://registry.npmjs.org/storytailor/-/storytailor-0.0.2.tgz",
      "integrity": "sha512-MgFDMuztQ5HeKPHse5BenIZJqel8Rwlnw5cyW9ooBfpqyt3qEL8YpkX6j2LzvxUaofUul42/n9xcd4LZ7gvuCw==",
      "requires": {
        "source-map": "^0.7.3"
      }
    },
    "typescript": {
      "version": "3.3.3333",
      "resolved": "https://registry.npmjs.org/typescript/-/typescript-3.3.3333.tgz",
      "integrity": "sha512-JjSKsAfuHBE/fB2oZ8NxtRTk5iGcg6hkYXMnZ3Wc+b2RSqejEqTaem11mHASMnFilHrax3sLK0GDzcJrekZYLw==",
      "dev": true
    }
  }
}
