{
  "name": "example-story",
  "version": "1.0.0",
  "lockfileVersion": 1,
  "requires": true,
  "dependencies": {
    "@types/node": {
      "version": "6.14.3",
      "resolved": "https://registry.npmjs.org/@types/node/-/node-6.14.3.tgz",
      "integrity": "sha512-V2VrQBCKo4U0rni6tW4AASRDqIO5ZTLDN/Xzrm4mNBr9SGQYZ+7zZJn+hMs89Q8ZCIHzp4aWQPyCpK+rux1YGA==",
      "dev": true
    },
    "source-map": {
      "version": "0.7.3",
      "resolved": "https://registry.npmjs.org/source-map/-/source-map-0.7.3.tgz",
      "integrity": "sha512-CkCj6giN3S+n9qrYiBTX5gystlENnRW5jZeNLHpe6aue+SrHcG5VYwujhW9s4dY31mEGsxBDrHR6oI69fTXsaQ=="
    },
    "storyscript": {
      "version": "1.3.1",
      "resolved": "https://registry.npmjs.org/storyscript/-/storyscript-1.3.1.tgz",
      "integrity": "sha512-hcjGdUwjyHcibBeZXrSb8iEszATZz8Y4he3835s/woKiRLHlVyHoG6TkIMaq7J0EnSKGGFF14FTAx/yys3Qf0Q==",
      "requires": {
        "source-map": "^0.7.3"
      }
    },
    "typescript": {
      "version": "3.3.3",
      "resolved": "https://registry.npmjs.org/typescript/-/typescript-3.3.3.tgz",
      "integrity": "sha512-Y21Xqe54TBVp+VDSNbuDYdGw0BpoR/Q6wo/+35M8PAU0vipahnyduJWirxxdxjsAkS7hue53x2zp8gz7F05u0A==",
      "dev": true
    }
  }
}
